{
  "name": "renovatebot-reproduce-slash-glob-match",
  "version": "0.0.0",
  "lockfileVersion": 3,
  "requires": true,
  "packages": {
    "": {
      "name": "renovatebot-reproduce-slash-glob-match",
      "version": "0.0.0",
      "dependencies": {
        "@opentelemetry/semantic-conventions": "^1.37.0",
        "@sentry/core": "^10.27.0",
        "import-in-the-middle": "^3.0.0"
      }
    },
    "node_modules/@opentelemetry/semantic-conventions": {
      "version": "1.37.0",
      "resolved": "https://registry.npmjs.org/@opentelemetry/semantic-conventions/-/semantic-conventions-1.37.0.tgz",
      "integrity": "sha512-JD6DerIKdJGmRp4jQyX5FlrQjA4tjOw1cvfsPAZXfOOEErMUHjPcPSICS+6WnM0nB0efSFARh0KAZss+bvExOA==",
      "license": "Apache-2.0",
      "engines": {
        "node": ">=14"
      }
    },
    "node_modules/@sentry/core": {
      "version": "10.27.0",
      "resolved": "https://registry.npmjs.org/@sentry/core/-/core-10.27.0.tgz",
      "integrity": "sha512-Zc68kdH7tWTDtDbV1zWIbo3Jv0fHAU2NsF5aD2qamypKgfSIMSbWVxd22qZyDBkaX8gWIPm/0Sgx6aRXRBXrYQ==",
      "license": "MIT",
      "engines": {
        "node": ">=18"
      }
    },
    "node_modules/cjs-module-lexer": {
      "version": "2.2.0",
      "resolved": "https://registry.npmjs.org/cjs-module-lexer/-/cjs-module-lexer-2.2.0.tgz",
      "integrity": "sha512-4bHTS2YuzUvtoLjdy+98ykbNB5jS0+07EvFNXerqZQJ89F7DI6ET7OQo/HJuW6K0aVsKA9hj9/RVb2kQVOrPDQ==",
      "license": "MIT"
    },
    "node_modules/es-module-lexer": {
      "version": "2.3.0",
      "resolved": "https://registry.npmjs.org/es-module-lexer/-/es-module-lexer-2.3.0.tgz",
      "integrity": "sha512-KLdwQm2NvGLDkQDCGvmiQrhkd0JbMzXthwQAUgWjQuQdBLFa3eiBP5arXZyA+f8x+x7OXgud6bq2rxjGtHV2tw==",
      "license": "MIT"
    },
    "node_modules/import-in-the-middle": {
      "version": "3.3.0",
      "resolved": "https://registry.npmjs.org/import-in-the-middle/-/import-in-the-middle-3.3.0.tgz",
      "integrity": "sha512-v4+k+PLt4z6g2ydEcXhfinTJxfgKJDWOW0v0GZNA5n2qToHFObpH4nGLhJdwnXnX4T14oREx/M62dS9GkpmSbQ==",
      "license": "Apache-2.0",
      "dependencies": {
        "cjs-module-lexer": "^2.2.0",
        "es-module-lexer": "^2.2.0",
        "module-details-from-path": "^1.0.4"
      },
      "engines": {
        "node": ">=18"
      }
    },
    "node_modules/module-details-from-path": {
      "version": "1.0.4",
      "resolved": "https://registry.npmjs.org/module-details-from-path/-/module-details-from-path-1.0.4.tgz",
      "integrity": "sha512-EGWKgxALGMgzvxYF1UyGTy0HXX/2vHLkw6+NvDKW2jypWbHpjQuj4UMcqQWXHERJhVGKikolT06G3bcKe4fi7w==",
      "license": "MIT"
    }
  }
}
